// !$*UTF8*$!
{
	archiveVersion = 1;
	classes = {
	};
	objectVersion = 55;
	objects = {

/* Begin PBXBuildFile section */
		F8B8858028B0902700B50712 /* AppDelegate.swift in Sources */ = {isa = PBXBuildFile; fileRef = F8B8857F28B0902700B50712 /* AppDelegate.swift */; };
		F8B8858228B0902700B50712 /* ViewController.swift in Sources */ = {isa = PBXBuildFile; fileRef = F8B8858128B0902700B50712 /* ViewController.swift */; };
		F8B8858428B0902700B50712 /* Assets.xcassets in Resources */ = {isa = PBXBuildFile; fileRef = F8B8858328B0902700B50712 /* Assets.xcassets */; };
		F8B8858728B0902700B50712 /* Main.storyboard in Resources */ = {isa = PBXBuildFile; fileRef = F8B8858528B0902700B50712 /* Main.storyboard */; };
		F8B8859228B0902700B50712 /* nowcoderHuaweiTests.swift in Sources */ = {isa = PBXBuildFile; fileRef = F8B8859128B0902700B50712 /* nowcoderHuaweiTests.swift */; };
		F8B8859C28B0902800B50712 /* nowcoderHuaweiUITests.swift in Sources */ = {isa = PBXBuildFile; fileRef = F8B8859B28B0902800B50712 /* nowcoderHuaweiUITests.swift */; };
		F8B8859E28B0902800B50712 /* nowcoderHuaweiUITestsLaunchTests.swift in Sources */ = {isa = PBXBuildFile; fileRef = F8B8859D28B0902800B50712 /* nowcoderHuaweiUITestsLaunchTests.swift */; };
		F8B885B428B090F700B50712 /* Easy_hj10_countOfWord.swift in Sources */ = {isa = PBXBuildFile; fileRef = F8B885B028B090F700B50712 /* Easy_hj10_countOfWord.swift */; };
		F8B885B528B090F700B50712 /* Easy_hj1_lengthOfLastWord.swift in Sources */ = {isa = PBXBuildFile; fileRef = F8B885B128B090F700B50712 /* Easy_hj1_lengthOfLastWord.swift */; };
		F8B885BA28B0910200B50712 /* Easy_hj10_countOfWordTest.swift in Sources */ = {isa = PBXBuildFile; fileRef = F8B885B828B0910200B50712 /* Easy_hj10_countOfWordTest.swift */; };
		F8B885BB28B0910200B50712 /* Easy_hj1_lengthOfLastWordTest.swift in Sources */ = {isa = PBXBuildFile; fileRef = F8B885B928B0910200B50712 /* Easy_hj1_lengthOfLastWordTest.swift */; };
/* End PBXBuildFile section */

/* Begin PBXContainerItemProxy section */
		F8B8858E28B0902700B50712 /* PBXContainerItemProxy */ = {
			isa = PBXContainerItemProxy;
			containerPortal = F8B8857428B0902700B50712 /* Project object */;
			proxyType = 1;
			remoteGlobalIDString = F8B8857B28B0902700B50712;
			remoteInfo = nowcoderHuawei;
		};
		F8B8859828B0902800B50712 /* PBXContainerItemProxy */ = {
			isa = PBXContainerItemProxy;
			containerPortal = F8B8857428B0902700B50712 /* Project object */;
			proxyType = 1;
			remoteGlobalIDString = F8B8857B28B0902700B50712;
			remoteInfo = nowcoderHuawei;
		};
/* End PBXContainerItemProxy section */

/* Begin PBXFileReference section */
		F8B8857C28B0902700B50712 /* nowcoderHuawei.app */ = {isa = PBXFileReference; explicitFileType = wrapper.application; includeInIndex = 0; path = nowcoderHuawei.app; sourceTree = BUILT_PRODUCTS_DIR; };
		F8B8857F28B0902700B50712 /* AppDelegate.swift */ = {isa = PBXFileReference; lastKnownFileType = sourcecode.swift; path = AppDelegate.swift; sourceTree = "<group>"; };
		F8B8858128B0902700B50712 /* ViewController.swift */ = {isa = PBXFileReference; lastKnownFileType = sourcecode.swift; path = ViewController.swift; sourceTree = "<group>"; };
		F8B8858328B0902700B50712 /* Assets.xcassets */ = {isa = PBXFileReference; lastKnownFileType = folder.assetcatalog; path = Assets.xcassets; sourceTree = "<group>"; };
		F8B8858628B0902700B50712 /* Base */ = {isa = PBXFileReference; lastKnownFileType = file.storyboard; name = Base; path = Base.lproj/Main.storyboard; sourceTree = "<group>"; };
		F8B8858828B0902700B50712 /* nowcoderHuawei.entitlements */ = {isa = PBXFileReference; lastKnownFileType = text.plist.entitlements; path = nowcoderHuawei.entitlements; sourceTree = "<group>"; };
		F8B8858D28B0902700B50712 /* nowcoderHuaweiTests.xctest */ = {isa = PBXFileReference; explicitFileType = wrapper.cfbundle; includeInIndex = 0; path = nowcoderHuaweiTests.xctest; sourceTree = BUILT_PRODUCTS_DIR; };
		F8B8859128B0902700B50712 /* nowcoderHuaweiTests.swift */ = {isa = PBXFileReference; lastKnownFileType = sourcecode.swift; path = nowcoderHuaweiTests.swift; sourceTree = "<group>"; };
		F8B8859728B0902800B50712 /* nowcoderHuaweiUITests.xctest */ = {isa = PBXFileReference; explicitFileType = wrapper.cfbundle; includeInIndex = 0; path = nowcoderHuaweiUITests.xctest; sourceTree = BUILT_PRODUCTS_DIR; };
		F8B8859B28B0902800B50712 /* nowcoderHuaweiUITests.swift */ = {isa = PBXFileReference; lastKnownFileType = sourcecode.swift; path = nowcoderHuaweiUITests.swift; sourceTree = "<group>"; };
		F8B8859D28B0902800B50712 /* nowcoderHuaweiUITestsLaunchTests.swift */ = {isa = PBXFileReference; lastKnownFileType = sourcecode.swift; path = nowcoderHuaweiUITestsLaunchTests.swift; sourceTree = "<group>"; };
		F8B885B028B090F700B50712 /* Easy_hj10_countOfWord.swift */ = {isa = PBXFileReference; fileEncoding = 4; lastKnownFileType = sourcecode.swift; path = Easy_hj10_countOfWord.swift; sourceTree = "<group>"; };
		F8B885B128B090F700B50712 /* Easy_hj1_lengthOfLastWord.swift */ = {isa = PBXFileReference; fileEncoding = 4; lastKnownFileType = sourcecode.swift; path = Easy_hj1_lengthOfLastWord.swift; sourceTree = "<group>"; };
		F8B885B828B0910200B50712 /* Easy_hj10_countOfWordTest.swift */ = {isa = PBXFileReference; fileEncoding = 4; lastKnownFileType = sourcecode.swift; path = Easy_hj10_countOfWordTest.swift; sourceTree = "<group>"; };
		F8B885B928B0910200B50712 /* Easy_hj1_lengthOfLastWordTest.swift */ = {isa = PBXFileReference; fileEncoding = 4; lastKnownFileType = sourcecode.swift; path = Easy_hj1_lengthOfLastWordTest.swift; sourceTree = "<group>"; };
/* End PBXFileReference section */

/* Begin PBXFrameworksBuildPhase section */
		F8B8857928B0902700B50712 /* Frameworks */ = {
			isa = PBXFrameworksBuildPhase;
			buildActionMask = 2147483647;
			files = (
			);
			runOnlyForDeploymentPostprocessing = 0;
		};
		F8B8858A28B0902700B50712 /* Frameworks */ = {
			isa = PBXFrameworksBuildPhase;
			buildActionMask = 2147483647;
			files = (
			);
			runOnlyForDeploymentPostprocessing = 0;
		};
		F8B8859428B0902800B50712 /* Frameworks */ = {
			isa = PBXFrameworksBuildPhase;
			buildActionMask = 2147483647;
			files = (
			);
			runOnlyForDeploymentPostprocessing = 0;
		};
/* End PBXFrameworksBuildPhase section */

/* Begin PBXGroup section */
		F8B8857328B0902700B50712 = {
			isa = PBXGroup;
			children = (
				F8B8857E28B0902700B50712 /* nowcoderHuawei */,
				F8B8859028B0902700B50712 /* nowcoderHuaweiTests */,
				F8B8859A28B0902800B50712 /* nowcoderHuaweiUITests */,
				F8B8857D28B0902700B50712 /* Products */,
			);
			sourceTree = "<group>";
		};
		F8B8857D28B0902700B50712 /* Products */ = {
			isa = PBXGroup;
			children = (
				F8B8857C28B0902700B50712 /* nowcoderHuawei.app */,
				F8B8858D28B0902700B50712 /* nowcoderHuaweiTests.xctest */,
				F8B8859728B0902800B50712 /* nowcoderHuaweiUITests.xctest */,
			);
			name = Products;
			sourceTree = "<group>";
		};
		F8B8857E28B0902700B50712 /* nowcoderHuawei */ = {
			isa = PBXGroup;
			children = (
				F8B8857F28B0902700B50712 /* AppDelegate.swift */,
				F8B8858128B0902700B50712 /* ViewController.swift */,
				F8B885AE28B090F700B50712 /* Solutions */,
				F8B8858328B0902700B50712 /* Assets.xcassets */,
				F8B8858528B0902700B50712 /* Main.storyboard */,
				F8B8858828B0902700B50712 /* nowcoderHuawei.entitlements */,
			);
			path = nowcoderHuawei;
			sourceTree = "<group>";
		};
		F8B8859028B0902700B50712 /* nowcoderHuaweiTests */ = {
			isa = PBXGroup;
			children = (
				F8B8859128B0902700B50712 /* nowcoderHuaweiTests.swift */,
				F8B885B628B0910200B50712 /* Solutions */,
			);
			path = nowcoderHuaweiTests;
			sourceTree = "<group>";
		};
		F8B8859A28B0902800B50712 /* nowcoderHuaweiUITests */ = {
			isa = PBXGroup;
			children = (
				F8B8859B28B0902800B50712 /* nowcoderHuaweiUITests.swift */,
				F8B8859D28B0902800B50712 /* nowcoderHuaweiUITestsLaunchTests.swift */,
			);
			path = nowcoderHuaweiUITests;
			sourceTree = "<group>";
		};
		F8B885AE28B090F700B50712 /* Solutions */ = {
			isa = PBXGroup;
			children = (
				F8B885AF28B090F700B50712 /* Easy */,
				F8B885B228B090F700B50712 /* Hard */,
				F8B885B328B090F700B50712 /* Medium */,
			);
			path = Solutions;
			sourceTree = "<group>";
		};
		F8B885AF28B090F700B50712 /* Easy */ = {
			isa = PBXGroup;
			children = (
				F8B885B028B090F700B50712 /* Easy_hj10_countOfWord.swift */,
				F8B885B128B090F700B50712 /* Easy_hj1_lengthOfLastWord.swift */,
			);
			path = Easy;
			sourceTree = "<group>";
		};
		F8B885B228B090F700B50712 /* Hard */ = {
			isa = PBXGroup;
			children = (
			);
			path = Hard;
			sourceTree = "<group>";
		};
		F8B885B328B090F700B50712 /* Medium */ = {
			isa = PBXGroup;
			children = (
			);
			path = Medium;
			sourceTree = "<group>";
		};
		F8B885B628B0910200B50712 /* Solutions */ = {
			isa = PBXGroup;
			children = (
				F8B885B728B0910200B50712 /* Easy */,
			);
			path = Solutions;
			sourceTree = "<group>";
		};
		F8B885B728B0910200B50712 /* Easy */ = {
			isa = PBXGroup;
			children = (
				F8B885B828B0910200B50712 /* Easy_hj10_countOfWordTest.swift */,
				F8B885B928B0910200B50712 /* Easy_hj1_lengthOfLastWordTest.swift */,
			);
			path = Easy;
			sourceTree = "<group>";
		};
/* End PBXGroup section */

/* Begin PBXNativeTarget section */
		F8B8857B28B0902700B50712 /* nowcoderHuawei */ = {
			isa = PBXNativeTarget;
			buildConfigurationList = F8B885A128B0902800B50712 /* Build configuration list for PBXNativeTarget "nowcoderHuawei" */;
			buildPhases = (
				F8B8857828B0902700B50712 /* Sources */,
				F8B8857928B0902700B50712 /* Frameworks */,
				F8B8857A28B0902700B50712 /* Resources */,
			);
			buildRules = (
			);
			dependencies = (
			);
			name = nowcoderHuawei;
			productName = nowcoderHuawei;
			productReference = F8B8857C28B0902700B50712 /* nowcoderHuawei.app */;
			productType = "com.apple.product-type.application";
		};
		F8B8858C28B0902700B50712 /* nowcoderHuaweiTests */ = {
			isa = PBXNativeTarget;
			buildConfigurationList = F8B885A428B0902800B50712 /* Build configuration list for PBXNativeTarget "nowcoderHuaweiTests" */;
			buildPhases = (
				F8B8858928B0902700B50712 /* Sources */,
				F8B8858A28B0902700B50712 /* Frameworks */,
				F8B8858B28B0902700B50712 /* Resources */,
			);
			buildRules = (
			);
			dependencies = (
				F8B8858F28B0902700B50712 /* PBXTargetDependency */,
			);
			name = nowcoderHuaweiTests;
			productName = nowcoderHuaweiTests;
			productReference = F8B8858D28B0902700B50712 /* nowcoderHuaweiTests.xctest */;
			productType = "com.apple.product-type.bundle.unit-test";
		};
		F8B8859628B0902800B50712 /* nowcoderHuaweiUITests */ = {
			isa = PBXNativeTarget;
			buildConfigurationList = F8B885A728B0902800B50712 /* Build configuration list for PBXNativeTarget "nowcoderHuaweiUITests" */;
			buildPhases = (
				F8B8859328B0902800B50712 /* Sources */,
				F8B8859428B0902800B50712 /* Frameworks */,
				F8B8859528B0902800B50712 /* Resources */,
			);
			buildRules = (
			);
			dependencies = (
				F8B8859928B0902800B50712 /* PBXTargetDependency */,
			);
			name = nowcoderHuaweiUITests;
			productName = nowcoderHuaweiUITests;
			productReference = F8B8859728B0902800B50712 /* nowcoderHuaweiUITests.xctest */;
			productType = "com.apple.product-type.bundle.ui-testing";
		};
/* End PBXNativeTarget section */

/* Begin PBXProject section */
		F8B8857428B0902700B50712 /* Project object */ = {
			isa = PBXProject;
			attributes = {
				BuildIndependentTargetsInParallel = 1;
				LastSwiftUpdateCheck = 1340;
				LastUpgradeCheck = 1340;
				TargetAttributes = {
					F8B8857B28B0902700B50712 = {
						CreatedOnToolsVersion = 13.4.1;
					};
					F8B8858C28B0902700B50712 = {
						CreatedOnToolsVersion = 13.4.1;
						TestTargetID = F8B8857B28B0902700B50712;
					};
					F8B8859628B0902800B50712 = {
						CreatedOnToolsVersion = 13.4.1;
						TestTargetID = F8B8857B28B0902700B50712;
					};
				};
			};
			buildConfigurationList = F8B8857728B0902700B50712 /* Build configuration list for PBXProject "nowcoderHuawei" */;
			compatibilityVersion = "Xcode 13.0";
			developmentRegion = en;
			hasScannedForEncodings = 0;
			knownRegions = (
				en,
				Base,
			);
			mainGroup = F8B8857328B0902700B50712;
			productRefGroup = F8B8857D28B0902700B50712 /* Products */;
			projectDirPath = "";
			projectRoot = "";
			targets = (
				F8B8857B28B0902700B50712 /* nowcoderHuawei */,
				F8B8858C28B0902700B50712 /* nowcoderHuaweiTests */,
				F8B8859628B0902800B50712 /* nowcoderHuaweiUITests */,
			);
		};
/* End PBXProject section */

/* Begin PBXResourcesBuildPhase section */
		F8B8857A28B0902700B50712 /* Resources */ = {
			isa = PBXResourcesBuildPhase;
			buildActionMask = 2147483647;
			files = (
				F8B8858428B0902700B50712 /* Assets.xcassets in Resources */,
				F8B8858728B0902700B50712 /* Main.storyboard in Resources */,
			);
			runOnlyForDeploymentPostprocessing = 0;
		};
		F8B8858B28B0902700B50712 /* Resources */ = {
			isa = PBXResourcesBuildPhase;
			buildActionMask = 2147483647;
			files = (
			);
			runOnlyForDeploymentPostprocessing = 0;
		};
		F8B8859528B0902800B50712 /* Resources */ = {
			isa = PBXResourcesBuildPhase;
			buildActionMask = 2147483647;
			files = (
			);
			runOnlyForDeploymentPostprocessing = 0;
		};
/* End PBXResourcesBuildPhase section */

/* Begin PBXSourcesBuildPhase section */
		F8B8857828B0902700B50712 /* Sources */ = {
			isa = PBXSourcesBuildPhase;
			buildActionMask = 2147483647;
			files = (
				F8B885B528B090F700B50712 /* Easy_hj1_lengthOfLastWord.swift in Sources */,
				F8B8858228B0902700B50712 /* ViewController.swift in Sources */,
				F8B8858028B0902700B50712 /* AppDelegate.swift in Sources */,
				F8B885B428B090F700B50712 /* Easy_hj10_countOfWord.swift in Sources */,
			);
			runOnlyForDeploymentPostprocessing = 0;
		};
		F8B8858928B0902700B50712 /* Sources */ = {
			isa = PBXSourcesBuildPhase;
			buildActionMask = 2147483647;
			files = (
				F8B885BB28B0910200B50712 /* Easy_hj1_lengthOfLastWordTest.swift in Sources */,
				F8B8859228B0902700B50712 /* nowcoderHuaweiTests.swift in Sources */,
				F8B885BA28B0910200B50712 /* Easy_hj10_countOfWordTest.swift in Sources */,
			);
			runOnlyForDeploymentPostprocessing = 0;
		};
		F8B8859328B0902800B50712 /* Sources */ = {
			isa = PBXSourcesBuildPhase;
			buildActionMask = 2147483647;
			files = (
				F8B8859E28B0902800B50712 /* nowcoderHuaweiUITestsLaunchTests.swift in Sources */,
				F8B8859C28B0902800B50712 /* nowcoderHuaweiUITests.swift in Sources */,
			);
			runOnlyForDeploymentPostprocessing = 0;
		};
/* End PBXSourcesBuildPhase section */

/* Begin PBXTargetDependency section */
		F8B8858F28B0902700B50712 /* PBXTargetDependency */ = {
			isa = PBXTargetDependency;
			target = F8B8857B28B0902700B50712 /* nowcoderHuawei */;
			targetProxy = F8B8858E28B0902700B50712 /* PBXContainerItemProxy */;
		};
		F8B8859928B0902800B50712 /* PBXTargetDependency */ = {
			isa = PBXTargetDependency;
			target = F8B8857B28B0902700B50712 /* nowcoderHuawei */;
			targetProxy = F8B8859828B0902800B50712 /* PBXContainerItemProxy */;
		};
/* End PBXTargetDependency section */

/* Begin PBXVariantGroup section */
		F8B8858528B0902700B50712 /* Main.storyboard */ = {
			isa = PBXVariantGroup;
			children = (
				F8B8858628B0902700B50712 /* Base */,
			);
			name = Main.storyboard;
			sourceTree = "<group>";
		};
/* End PBXVariantGroup section */

/* Begin XCBuildConfiguration section */
		F8B8859F28B0902800B50712 /* Debug */ = {
			isa = XCBuildConfiguration;
			buildSettings = {
				ALWAYS_SEARCH_USER_PATHS = NO;
				CLANG_ANALYZER_NONNULL = YES;
				CLANG_ANALYZER_NUMBER_OBJECT_CONVERSION = YES_AGGRESSIVE;
				CLANG_CXX_LANGUAGE_STANDARD = "gnu++17";
				CLANG_ENABLE_MODULES = YES;
				CLANG_ENABLE_OBJC_ARC = YES;
				CLANG_ENABLE_OBJC_WEAK = YES;
				CLANG_WARN_BLOCK_CAPTURE_AUTORELEASING = YES;
				CLANG_WARN_BOOL_CONVERSION = YES;
				CLANG_WARN_COMMA = YES;
				CLANG_WARN_CONSTANT_CONVERSION = YES;
				CLANG_WARN_DEPRECATED_OBJC_IMPLEMENTATIONS = YES;
				CLANG_WARN_DIRECT_OBJC_ISA_USAGE = YES_ERROR;
				CLANG_WARN_DOCUMENTATION_COMMENTS = YES;
				CLANG_WARN_EMPTY_BODY = YES;
				CLANG_WARN_ENUM_CONVERSION = YES;
				CLANG_WARN_INFINITE_RECURSION = YES;
				CLANG_WARN_INT_CONVERSION = YES;
				CLANG_WARN_NON_LITERAL_NULL_CONVERSION = YES;
				CLANG_WARN_OBJC_IMPLICIT_RETAIN_SELF = YES;
				CLANG_WARN_OBJC_LITERAL_CONVERSION = YES;
				CLANG_WARN_OBJC_ROOT_CLASS = YES_ERROR;
				CLANG_WARN_QUOTED_INCLUDE_IN_FRAMEWORK_HEADER = YES;
				CLANG_WARN_RANGE_LOOP_ANALYSIS = YES;
				CLANG_WARN_STRICT_PROTOTYPES = YES;
				CLANG_WARN_SUSPICIOUS_MOVE = YES;
				CLANG_WARN_UNGUARDED_AVAILABILITY = YES_AGGRESSIVE;
				CLANG_WARN_UNREACHABLE_CODE = YES;
				CLANG_WARN__DUPLICATE_METHOD_MATCH = YES;
				COPY_PHASE_STRIP = NO;
				DEBUG_INFORMATION_FORMAT = dwarf;
				ENABLE_STRICT_OBJC_MSGSEND = YES;
				ENABLE_TESTABILITY = YES;
				GCC_C_LANGUAGE_STANDARD = gnu11;
				GCC_DYNAMIC_NO_PIC = NO;
				GCC_NO_COMMON_BLOCKS = YES;
				GCC_OPTIMIZATION_LEVEL = 0;
				GCC_PREPROCESSOR_DEFINITIONS = (
					"DEBUG=1",
					"$(inherited)",
				);
				GCC_WARN_64_TO_32_BIT_CONVERSION = YES;
				GCC_WARN_ABOUT_RETURN_TYPE = YES_ERROR;
				GCC_WARN_UNDECLARED_SELECTOR = YES;
				GCC_WARN_UNINITIALIZED_AUTOS = YES_AGGRESSIVE;
				GCC_WARN_UNUSED_FUNCTION = YES;
				GCC_WARN_UNUSED_VARIABLE = YES;
				MACOSX_DEPLOYMENT_TARGET = 12.3;
				MTL_ENABLE_DEBUG_INFO = INCLUDE_SOURCE;
				MTL_FAST_MATH = YES;
				ONLY_ACTIVE_ARCH = YES;
				SDKROOT = macosx;
				SWIFT_ACTIVE_COMPILATION_CONDITIONS = DEBUG;
				SWIFT_OPTIMIZATION_LEVEL = "-Onone";
			};
			name = Debug;
		};
		F8B885A028B0902800B50712 /* Release */ = {
			isa = XCBuildConfiguration;
			buildSettings = {
				ALWAYS_SEARCH_USER_PATHS = NO;
				CLANG_ANALYZER_NONNULL = YES;
				CLANG_ANALYZER_NUMBER_OBJECT_CONVERSION = YES_AGGRESSIVE;
				CLANG_CXX_LANGUAGE_STANDARD = "gnu++17";
				CLANG_ENABLE_MODULES = YES;
				CLANG_ENABLE_OBJC_ARC = YES;
				CLANG_ENABLE_OBJC_WEAK = YES;
				CLANG_WARN_BLOCK_CAPTURE_AUTORELEASING = YES;
				CLANG_WARN_BOOL_CONVERSION = YES;
				CLANG_WARN_COMMA = YES;
				CLANG_WARN_CONSTANT_CONVERSION = YES;
				CLANG_WARN_DEPRECATED_OBJC_IMPLEMENTATIONS = YES;
				CLANG_WARN_DIRECT_OBJC_ISA_USAGE = YES_ERROR;
				CLANG_WARN_DOCUMENTATION_COMMENTS = YES;
				CLANG_WARN_EMPTY_BODY = YES;
				CLANG_WARN_ENUM_CONVERSION = YES;
				CLANG_WARN_INFINITE_RECURSION = YES;
				CLANG_WARN_INT_CONVERSION = YES;
				CLANG_WARN_NON_LITERAL_NULL_CONVERSION = YES;
				CLANG_WARN_OBJC_IMPLICIT_RETAIN_SELF = YES;
				CLANG_WARN_OBJC_LITERAL_CONVERSION = YES;
				CLANG_WARN_OBJC_ROOT_CLASS = YES_ERROR;
				CLANG_WARN_QUOTED_INCLUDE_IN_FRAMEWORK_HEADER = YES;
				CLANG_WARN_RANGE_LOOP_ANALYSIS = YES;
				CLANG_WARN_STRICT_PROTOTYPES = YES;
				CLANG_WARN_SUSPICIOUS_MOVE = YES;
				CLANG_WARN_UNGUARDED_AVAILABILITY = YES_AGGRESSIVE;
				CLANG_WARN_UNREACHABLE_CODE = YES;
				CLANG_WARN__DUPLICATE_METHOD_MATCH = YES;
				COPY_PHASE_STRIP = NO;
				DEBUG_INFORMATION_FORMAT = "dwarf-with-dsym";
				ENABLE_NS_ASSERTIONS = NO;
				ENABLE_STRICT_OBJC_MSGSEND = YES;
				GCC_C_LANGUAGE_STANDARD = gnu11;
				GCC_NO_COMMON_BLOCKS = YES;
				GCC_WARN_64_TO_32_BIT_CONVERSION = YES;
				GCC_WARN_ABOUT_RETURN_TYPE = YES_ERROR;
				GCC_WARN_UNDECLARED_SELECTOR = YES;
				GCC_WARN_UNINITIALIZED_AUTOS = YES_AGGRESSIVE;
				GCC_WARN_UNUSED_FUNCTION = YES;
				GCC_WARN_UNUSED_VARIABLE = YES;
				MACOSX_DEPLOYMENT_TARGET = 12.3;
				MTL_ENABLE_DEBUG_INFO = NO;
				MTL_FAST_MATH = YES;
				SDKROOT = macosx;
				SWIFT_COMPILATION_MODE = wholemodule;
				SWIFT_OPTIMIZATION_LEVEL = "-O";
			};
			name = Release;
		};
		F8B885A228B0902800B50712 /* Debug */ = {
			isa = XCBuildConfiguration;
			buildSettings = {
				ASSETCATALOG_COMPILER_APPICON_NAME = AppIcon;
				ASSETCATALOG_COMPILER_GLOBAL_ACCENT_COLOR_NAME = AccentColor;
				CODE_SIGN_ENTITLEMENTS = nowcoderHuawei/nowcoderHuawei.entitlements;
				CODE_SIGN_STYLE = Automatic;
				COMBINE_HIDPI_IMAGES = YES;
				CURRENT_PROJECT_VERSION = 1;
				GENERATE_INFOPLIST_FILE = YES;
				INFOPLIST_KEY_NSHumanReadableCopyright = "";
				INFOPLIST_KEY_NSMainStoryboardFile = Main;
				INFOPLIST_KEY_NSPrincipalClass = NSApplication;
				LD_RUNPATH_SEARCH_PATHS = (
					"$(inherited)",
					"@executable_path/../Frameworks",
				);
				MARKETING_VERSION = 1.0;
				PRODUCT_BUNDLE_IDENTIFIER = com.aisling.nowcoderHuawei;
				PRODUCT_NAME = "$(TARGET_NAME)";
				SWIFT_EMIT_LOC_STRINGS = YES;
				SWIFT_VERSION = 5.0;
			};
			name = Debug;
		};
		F8B885A328B0902800B50712 /* Release */ = {
			isa = XCBuildConfiguration;
			buildSettings = {
				ASSETCATALOG_COMPILER_APPICON_NAME = AppIcon;
				ASSETCATALOG_COMPILER_GLOBAL_ACCENT_COLOR_NAME = AccentColor;
				CODE_SIGN_ENTITLEMENTS = nowcoderHuawei/nowcoderHuawei.entitlements;
				CODE_SIGN_STYLE = Automatic;
				COMBINE_HIDPI_IMAGES = YES;
				CURRENT_PROJECT_VERSION = 1;
				GENERATE_INFOPLIST_FILE = YES;
				INFOPLIST_KEY_NSHumanReadableCopyright = "";
				INFOPLIST_KEY_NSMainStoryboardFile = Main;
				INFOPLIST_KEY_NSPrincipalClass = NSApplication;
				LD_RUNPATH_SEARCH_PATHS = (
					"$(inherited)",
					"@executable_path/../Frameworks",
				);
				MARKETING_VERSION = 1.0;
				PRODUCT_BUNDLE_IDENTIFIER = com.aisling.nowcoderHuawei;
				PRODUCT_NAME = "$(TARGET_NAME)";
				SWIFT_EMIT_LOC_STRINGS = YES;
				SWIFT_VERSION = 5.0;
			};
			name = Release;
		};
		F8B885A528B0902800B50712 /* Debug */ = {
			isa = XCBuildConfiguration;
			buildSettings = {
				ALWAYS_EMBED_SWIFT_STANDARD_LIBRARIES = YES;
				BUNDLE_LOADER = "$(TEST_HOST)";
				CODE_SIGN_STYLE = Automatic;
				CURRENT_PROJECT_VERSION = 1;
				GENERATE_INFOPLIST_FILE = YES;
				MACOSX_DEPLOYMENT_TARGET = 12.3;
				MARKETING_VERSION = 1.0;
				PRODUCT_BUNDLE_IDENTIFIER = com.aisling.nowcoderHuaweiTests;
				PRODUCT_NAME = "$(TARGET_NAME)";
				SWIFT_EMIT_LOC_STRINGS = NO;
				SWIFT_VERSION = 5.0;
				TEST_HOST = "$(BUILT_PRODUCTS_DIR)/nowcoderHuawei.app/Contents/MacOS/nowcoderHuawei";
			};
			name = Debug;
		};
		F8B885A628B0902800B50712 /* Release */ = {
			isa = XCBuildConfiguration;
			buildSettings = {
				ALWAYS_EMBED_SWIFT_STANDARD_LIBRARIES = YES;
				BUNDLE_LOADER = "$(TEST_HOST)";
				CODE_SIGN_STYLE = Automatic;
				CURRENT_PROJECT_VERSION = 1;
				GENERATE_INFOPLIST_FILE = YES;
				MACOSX_DEPLOYMENT_TARGET = 12.3;
				MARKETING_VERSION = 1.0;
				PRODUCT_BUNDLE_IDENTIFIER = com.aisling.nowcoderHuaweiTests;
				PRODUCT_NAME = "$(TARGET_NAME)";
				SWIFT_EMIT_LOC_STRINGS = NO;
				SWIFT_VERSION = 5.0;
				TEST_HOST = "$(BUILT_PRODUCTS_DIR)/nowcoderHuawei.app/Contents/MacOS/nowcoderHuawei";
			};
			name = Release;
		};
		F8B885A828B0902800B50712 /* Debug */ = {
			isa = XCBuildConfiguration;
			buildSettings = {
				ALWAYS_EMBED_SWIFT_STANDARD_LIBRARIES = YES;
				CODE_SIGN_STYLE = Automatic;
				CURRENT_PROJECT_VERSION = 1;
				GENERATE_INFOPLIST_FILE = YES;
				MARKETING_VERSION = 1.0;
				PRODUCT_BUNDLE_IDENTIFIER = com.aisling.nowcoderHuaweiUITests;
				PRODUCT_NAME = "$(TARGET_NAME)";
				SWIFT_EMIT_LOC_STRINGS = NO;
				SWIFT_VERSION = 5.0;
				TEST_TARGET_NAME = nowcoderHuawei;
			};
			name = Debug;
		};
		F8B885A928B0902800B50712 /* Release */ = {
			isa = XCBuildConfiguration;
			buildSettings = {
				ALWAYS_EMBED_SWIFT_STANDARD_LIBRARIES = YES;
				CODE_SIGN_STYLE = Automatic;
				CURRENT_PROJECT_VERSION = 1;
				GENERATE_INFOPLIST_FILE = YES;
				MARKETING_VERSION = 1.0;
				PRODUCT_BUNDLE_IDENTIFIER = com.aisling.nowcoderHuaweiUITests;
				PRODUCT_NAME = "$(TARGET_NAME)";
				SWIFT_EMIT_LOC_STRINGS = NO;
				SWIFT_VERSION = 5.0;
				TEST_TARGET_NAME = nowcoderHuawei;
			};
			name = Release;
		};
/* End XCBuildConfiguration section */

/* Begin XCConfigurationList section */
		F8B8857728B0902700B50712 /* Build configuration list for PBXProject "nowcoderHuawei" */ = {
			isa = XCConfigurationList;
			buildConfigurations = (
				F8B8859F28B0902800B50712 /* Debug */,
				F8B885A028B0902800B50712 /* Release */,
			);
			defaultConfigurationIsVisible = 0;
			defaultConfigurationName = Release;
		};
		F8B885A128B0902800B50712 /* Build configuration list for PBXNativeTarget "nowcoderHuawei" */ = {
			isa = XCConfigurationList;
			buildConfigurations = (
				F8B885A228B0902800B50712 /* Debug */,
				F8B885A328B0902800B50712 /* Release */,
			);
			defaultConfigurationIsVisible = 0;
			defaultConfigurationName = Release;
		};
		F8B885A428B0902800B50712 /* Build configuration list for PBXNativeTarget "nowcoderHuaweiTests" */ = {
			isa = XCConfigurationList;
			buildConfigurations = (
				F8B885A528B0902800B50712 /* Debug */,
				F8B885A628B0902800B50712 /* Release */,
			);
			defaultConfigurationIsVisible = 0;
			defaultConfigurationName = Release;
		};
		F8B885A728B0902800B50712 /* Build configuration list for PBXNativeTarget "nowcoderHuaweiUITests" */ = {
			isa = XCConfigurationList;
			buildConfigurations = (
				F8B885A828B0902800B50712 /* Debug */,
				F8B885A928B0902800B50712 /* Release */,
			);
			defaultConfigurationIsVisible = 0;
			defaultConfigurationName = Release;
		};
/* End XCConfigurationList section */
	};
	rootObject = F8B8857428B0902700B50712 /* Project object */;
}
